
Microsoft Visual Studio Solution File, Format Version 12.00
# Visual Studio Version 17
VisualStudioVersion = 17.5.33530.505
MinimumVisualStudioVersion = 10.0.40219.1
Project("{FAE04EC0-301F-11D3-BF4B-00C04F79EFBC}") = "NginxPanel", "NginxPanel.csproj", "{5C1D56A6-A799-4526-A17E-C2BDDBABBA58}"
EndProject
Global
	GlobalSection(SolutionConfigurationPlatforms) = preSolution
		Debug|Any CPU = Debug|Any CPU
		Release|Any CPU = Release|Any CPU
	EndGlobalSection
	GlobalSection(ProjectConfigurationPlatforms) = postSolution
		{5C1D56A6-A799-4526-A17E-C2BDDBABBA58}.Debug|Any CPU.ActiveCfg = Debug|Any CPU
		{5C1D56A6-A799-4526-A17E-C2BDDBABBA58}.Debug|Any CPU.Build.0 = Debug|Any CPU
		{5C1D56A6-A799-4526-A17E-C2BDDBABBA58}.Release|Any CPU.ActiveCfg = Release|Any CPU
		{5C1D56A6-A799-4526-A17E-C2BDDBABBA58}.Release|Any CPU.Build.0 = Release|Any CPU
	EndGlobalSection
	GlobalSection(SolutionProperties) = preSolution
		HideSolutionNode = FALSE
	EndGlobalSection
	GlobalSection(ExtensibilityGlobals) = postSolution
		SolutionGuid = {5D7C81CA-9B78-42BC-AD2C-0B975370DA7D}
	EndGlobalSection
EndGlobal
